using System;

namespace CastingExample
{
    class Program
    {
        static void Main(string[] args)
        {
            // Prompt the user to enter an integer
            Console.WriteLine("Please enter an integer:");

            // Read the input from the console
            string input = Console.ReadLine();

            // Parse the input to an integer
            int integerNumber;
            bool success = int.TryParse(input, out integerNumber);

            if (success)
            {
                // Cast the integer to double
                double doubleNumber = (double)integerNumber;

                // Output the result
                Console.WriteLine($"The number you entered is {integerNumber} and as a double is {doubleNumber}");
            }
            else
            {
                // Handle invalid input
                Console.WriteLine("The input provided is not a valid integer.");
            }
        }
    }
}
