using System;

namespace NumericConversionExample
{
    class Program
    {
        static void Main(string[] args)
        {
            // Prompt the user to enter a real number
            Console.WriteLine("Please enter a real number:");

            // Read the input from the console
            string input = Console.ReadLine();

            // Parse the input to a double
            double realNumber;
            bool success = double.TryParse(input, out realNumber);

            if (success)
            {
                // Cast the double to int and long
                int intNumber = (int)realNumber;
                long longNumber = (long)realNumber;

                // Output the result
                Console.WriteLine($"The number you entered is {realNumber}, as an int is {intNumber} and as a long is {longNumber}");
            }
            else
            {
                // Handle invalid input
                Console.WriteLine("The input provided is not a valid real number.");
            }
        }
    }
}
