using System;

namespace CharToAsciiConversion
{
    class Program
    {
        static void Main(string[] args)
        {
            // Prompt the user to enter a character
            Console.WriteLine("Please enter a character:");

            // Read the input from the console
            string input = Console.ReadLine();

            // Validate the input to ensure it's a single character
            if (!string.IsNullOrEmpty(input) && input.Length == 1)
            {
                // Get the character from the input string
                char character = input[0];

                // Cast the character to int to get the ASCII code
                int asciiCode = (int)character;

                // Output the result
                Console.WriteLine($"The character you entered is '{character}', its ASCII code is {asciiCode}");
            }
            else
            {
                // Handle invalid input
                Console.WriteLine("The input provided is not a valid character.");
            }
        }
    }
}
