using System;
using System.Linq;

namespace MaxValueInArray
{
    class Program
    {
        static void Main(string[] args)
        {
            // Prompt the user to enter the number of elements in the array
            Console.WriteLine("Enter the number of elements in the array:");
            int arraySize;
            while (!int.TryParse(Console.ReadLine(), out arraySize) || arraySize <= 0)
            {
                Console.WriteLine("Please enter a valid positive integer for the number of elements:");
            }

            int[] numbers = new int[arraySize];

            // Prompt the user to enter the elements of the array
            Console.WriteLine($"Enter {arraySize} integers:");
            for (int i = 0; i < arraySize; i++)
            {
                while (!int.TryParse(Console.ReadLine(), out numbers[i]))
                {
                    Console.WriteLine("Please enter a valid integer:");
                }
            }

            // Find the maximum value in the array
            int maxValue = numbers.Max();

            // Output the maximum value
            Console.WriteLine($"The maximum value in the array is {maxValue}");
        }
    }
}
